
Microsoft Visual Studio Solution File, Format Version 12.00
# Visual Studio Version 16
VisualStudioVersion = 16.0.30413.136
MinimumVisualStudioVersion = 10.0.40219.1
Project("{FAE04EC0-301F-11D3-BF4B-00C04F79EFBC}") = "DatesAndTimes", "DatesAndTimes.csproj", "{AD422BB6-FCD7-49E1-B90E-E0CFDFA98BBC}"
EndProject
Global
	GlobalSection(SolutionConfigurationPlatforms) = preSolution
		Debug|Any CPU = Debug|Any CPU
		Release|Any CPU = Release|Any CPU
	EndGlobalSection
	GlobalSection(ProjectConfigurationPlatforms) = postSolution
		{AD422BB6-FCD7-49E1-B90E-E0CFDFA98BBC}.Debug|Any CPU.ActiveCfg = Debug|Any CPU
		{AD422BB6-FCD7-49E1-B90E-E0CFDFA98BBC}.Debug|Any CPU.Build.0 = Debug|Any CPU
		{AD422BB6-FCD7-49E1-B90E-E0CFDFA98BBC}.Release|Any CPU.ActiveCfg = Release|Any CPU
		{AD422BB6-FCD7-49E1-B90E-E0CFDFA98BBC}.Release|Any CPU.Build.0 = Release|Any CPU
	EndGlobalSection
	GlobalSection(SolutionProperties) = preSolution
		HideSolutionNode = FALSE
	EndGlobalSection
	GlobalSection(ExtensibilityGlobals) = postSolution
		SolutionGuid = {DFE794A3-8698-4490-924C-554B38A9B520}
	EndGlobalSection
EndGlobal
