
Microsoft Visual Studio Solution File, Format Version 12.00
# Visual Studio Version 16
VisualStudioVersion = 16.0.30413.136
MinimumVisualStudioVersion = 10.0.40219.1
Project("{FAE04EC0-301F-11D3-BF4B-00C04F79EFBC}") = "HelloWorld", "HelloWorld.csproj", "{EFA2A19A-12F6-4B0F-A15A-54037DAEECD2}"
EndProject
Global
	GlobalSection(SolutionConfigurationPlatforms) = preSolution
		Debug|Any CPU = Debug|Any CPU
		Release|Any CPU = Release|Any CPU
	EndGlobalSection
	GlobalSection(ProjectConfigurationPlatforms) = postSolution
		{EFA2A19A-12F6-4B0F-A15A-54037DAEECD2}.Debug|Any CPU.ActiveCfg = Debug|Any CPU
		{EFA2A19A-12F6-4B0F-A15A-54037DAEECD2}.Debug|Any CPU.Build.0 = Debug|Any CPU
		{EFA2A19A-12F6-4B0F-A15A-54037DAEECD2}.Release|Any CPU.ActiveCfg = Release|Any CPU
		{EFA2A19A-12F6-4B0F-A15A-54037DAEECD2}.Release|Any CPU.Build.0 = Release|Any CPU
	EndGlobalSection
	GlobalSection(SolutionProperties) = preSolution
		HideSolutionNode = FALSE
	EndGlobalSection
	GlobalSection(ExtensibilityGlobals) = postSolution
		SolutionGuid = {0E5FD770-63A1-47E6-B77F-5A83C66A8C69}
	EndGlobalSection
EndGlobal
