
Microsoft Visual Studio Solution File, Format Version 12.00
# Visual Studio Version 16
VisualStudioVersion = 16.0.31321.278
MinimumVisualStudioVersion = 10.0.40219.1
Project("{9A19103F-16F7-4668-BE54-9A1E7A4F7556}") = "In-sem2", "In-sem2\In-sem2.csproj", "{45CEF689-D562-44FB-AC7F-67035FE48A00}"
EndProject
Project("{9A19103F-16F7-4668-BE54-9A1E7A4F7556}") = "Question1", "Question1\Question1.csproj", "{0BF3FEFA-7816-424E-A0CB-5E1C02CC3C80}"
EndProject
Project("{FAE04EC0-301F-11D3-BF4B-00C04F79EFBC}") = "Question2", "Question2\Question2.csproj", "{5B666BE9-B856-4E58-9873-52198BBDB25F}"
EndProject
Project("{FAE04EC0-301F-11D3-BF4B-00C04F79EFBC}") = "Question3", "Question3\Question3.csproj", "{2CBD3C0C-0EE3-4C91-B80C-C45FBBAD751F}"
EndProject
Project("{FAE04EC0-301F-11D3-BF4B-00C04F79EFBC}") = "Question4", "Question4\Question4.csproj", "{E6CF1650-259D-49A9-978E-B94FC97A8332}"
EndProject
Global
	GlobalSection(SolutionConfigurationPlatforms) = preSolution
		Debug|Any CPU = Debug|Any CPU
		Release|Any CPU = Release|Any CPU
	EndGlobalSection
	GlobalSection(ProjectConfigurationPlatforms) = postSolution
		{45CEF689-D562-44FB-AC7F-67035FE48A00}.Debug|Any CPU.ActiveCfg = Debug|Any CPU
		{45CEF689-D562-44FB-AC7F-67035FE48A00}.Debug|Any CPU.Build.0 = Debug|Any CPU
		{45CEF689-D562-44FB-AC7F-67035FE48A00}.Release|Any CPU.ActiveCfg = Release|Any CPU
		{45CEF689-D562-44FB-AC7F-67035FE48A00}.Release|Any CPU.Build.0 = Release|Any CPU
		{0BF3FEFA-7816-424E-A0CB-5E1C02CC3C80}.Debug|Any CPU.ActiveCfg = Debug|Any CPU
		{0BF3FEFA-7816-424E-A0CB-5E1C02CC3C80}.Debug|Any CPU.Build.0 = Debug|Any CPU
		{0BF3FEFA-7816-424E-A0CB-5E1C02CC3C80}.Release|Any CPU.ActiveCfg = Release|Any CPU
		{0BF3FEFA-7816-424E-A0CB-5E1C02CC3C80}.Release|Any CPU.Build.0 = Release|Any CPU
		{5B666BE9-B856-4E58-9873-52198BBDB25F}.Debug|Any CPU.ActiveCfg = Debug|Any CPU
		{5B666BE9-B856-4E58-9873-52198BBDB25F}.Debug|Any CPU.Build.0 = Debug|Any CPU
		{5B666BE9-B856-4E58-9873-52198BBDB25F}.Release|Any CPU.ActiveCfg = Release|Any CPU
		{5B666BE9-B856-4E58-9873-52198BBDB25F}.Release|Any CPU.Build.0 = Release|Any CPU
		{2CBD3C0C-0EE3-4C91-B80C-C45FBBAD751F}.Debug|Any CPU.ActiveCfg = Debug|Any CPU
		{2CBD3C0C-0EE3-4C91-B80C-C45FBBAD751F}.Debug|Any CPU.Build.0 = Debug|Any CPU
		{2CBD3C0C-0EE3-4C91-B80C-C45FBBAD751F}.Release|Any CPU.ActiveCfg = Release|Any CPU
		{2CBD3C0C-0EE3-4C91-B80C-C45FBBAD751F}.Release|Any CPU.Build.0 = Release|Any CPU
		{E6CF1650-259D-49A9-978E-B94FC97A8332}.Debug|Any CPU.ActiveCfg = Debug|Any CPU
		{E6CF1650-259D-49A9-978E-B94FC97A8332}.Debug|Any CPU.Build.0 = Debug|Any CPU
		{E6CF1650-259D-49A9-978E-B94FC97A8332}.Release|Any CPU.ActiveCfg = Release|Any CPU
		{E6CF1650-259D-49A9-978E-B94FC97A8332}.Release|Any CPU.Build.0 = Release|Any CPU
	EndGlobalSection
	GlobalSection(SolutionProperties) = preSolution
		HideSolutionNode = FALSE
	EndGlobalSection
	GlobalSection(ExtensibilityGlobals) = postSolution
		SolutionGuid = {2931BE09-F9FF-4CF6-8796-2C5D7FDD8D8F}
	EndGlobalSection
EndGlobal
