
Microsoft Visual Studio Solution File, Format Version 12.00
# Visual Studio Version 16
VisualStudioVersion = 16.0.31321.278
MinimumVisualStudioVersion = 10.0.40219.1
Project("{FAE04EC0-301F-11D3-BF4B-00C04F79EFBC}") = "WPFEvents", "WPFEvents\WPFEvents.csproj", "{7366BBB0-180B-479D-85A2-34DA3D745BF4}"
EndProject
Global
	GlobalSection(SolutionConfigurationPlatforms) = preSolution
		Debug|Any CPU = Debug|Any CPU
		Release|Any CPU = Release|Any CPU
	EndGlobalSection
	GlobalSection(ProjectConfigurationPlatforms) = postSolution
		{7366BBB0-180B-479D-85A2-34DA3D745BF4}.Debug|Any CPU.ActiveCfg = Debug|Any CPU
		{7366BBB0-180B-479D-85A2-34DA3D745BF4}.Debug|Any CPU.Build.0 = Debug|Any CPU
		{7366BBB0-180B-479D-85A2-34DA3D745BF4}.Release|Any CPU.ActiveCfg = Release|Any CPU
		{7366BBB0-180B-479D-85A2-34DA3D745BF4}.Release|Any CPU.Build.0 = Release|Any CPU
	EndGlobalSection
	GlobalSection(SolutionProperties) = preSolution
		HideSolutionNode = FALSE
	EndGlobalSection
	GlobalSection(ExtensibilityGlobals) = postSolution
		SolutionGuid = {0FC07311-1416-4CBC-B961-E0B21CA280D5}
	EndGlobalSection
EndGlobal
