
Microsoft Visual Studio Solution File, Format Version 12.00
# Visual Studio Version 16
VisualStudioVersion = 16.0.30413.136
MinimumVisualStudioVersion = 10.0.40219.1
Project("{FAE04EC0-301F-11D3-BF4B-00C04F79EFBC}") = "UnderstandingArrays", "UnderstandingArrays.csproj", "{92E6ED7A-2313-4069-AA68-44BD0DB05A30}"
EndProject
Global
	GlobalSection(SolutionConfigurationPlatforms) = preSolution
		Debug|Any CPU = Debug|Any CPU
		Release|Any CPU = Release|Any CPU
	EndGlobalSection
	GlobalSection(ProjectConfigurationPlatforms) = postSolution
		{92E6ED7A-2313-4069-AA68-44BD0DB05A30}.Debug|Any CPU.ActiveCfg = Debug|Any CPU
		{92E6ED7A-2313-4069-AA68-44BD0DB05A30}.Debug|Any CPU.Build.0 = Debug|Any CPU
		{92E6ED7A-2313-4069-AA68-44BD0DB05A30}.Release|Any CPU.ActiveCfg = Release|Any CPU
		{92E6ED7A-2313-4069-AA68-44BD0DB05A30}.Release|Any CPU.Build.0 = Release|Any CPU
	EndGlobalSection
	GlobalSection(SolutionProperties) = preSolution
		HideSolutionNode = FALSE
	EndGlobalSection
	GlobalSection(ExtensibilityGlobals) = postSolution
		SolutionGuid = {94E26A64-94BA-450D-A671-E9E0C800A71D}
	EndGlobalSection
EndGlobal
