
Microsoft Visual Studio Solution File, Format Version 12.00
# Visual Studio Version 16
VisualStudioVersion = 16.0.31321.278
MinimumVisualStudioVersion = 10.0.40219.1
Project("{FAE04EC0-301F-11D3-BF4B-00C04F79EFBC}") = "ObjectLifeTime", "ObjectLifeTime.csproj", "{D6CC733C-A370-49F0-9DB1-8DB35A404065}"
EndProject
Global
	GlobalSection(SolutionConfigurationPlatforms) = preSolution
		Debug|Any CPU = Debug|Any CPU
		Release|Any CPU = Release|Any CPU
	EndGlobalSection
	GlobalSection(ProjectConfigurationPlatforms) = postSolution
		{D6CC733C-A370-49F0-9DB1-8DB35A404065}.Debug|Any CPU.ActiveCfg = Debug|Any CPU
		{D6CC733C-A370-49F0-9DB1-8DB35A404065}.Debug|Any CPU.Build.0 = Debug|Any CPU
		{D6CC733C-A370-49F0-9DB1-8DB35A404065}.Release|Any CPU.ActiveCfg = Release|Any CPU
		{D6CC733C-A370-49F0-9DB1-8DB35A404065}.Release|Any CPU.Build.0 = Release|Any CPU
	EndGlobalSection
	GlobalSection(SolutionProperties) = preSolution
		HideSolutionNode = FALSE
	EndGlobalSection
	GlobalSection(ExtensibilityGlobals) = postSolution
		SolutionGuid = {C2D84CAE-BCB2-4F92-A8EC-4356DB401C20}
	EndGlobalSection
EndGlobal
